
Microsoft Visual Studio Solution File, Format Version 12.00
# Visual Studio Version 16
VisualStudioVersion = 16.0.31410.357
MinimumVisualStudioVersion = 10.0.40219.1
Project("{FAE04EC0-301F-11D3-BF4B-00C04F79EFBC}") = "Kagami", "Kagami/Kagami.csproj", "{B10F8933-2FDC-4CAE-9A14-E503DACBB029}"
EndProject
Project("{FAE04EC0-301F-11D3-BF4B-00C04F79EFBC}") = "Kagami.Test", "Kagami.Test/Kagami.Test.csproj", "{737693C2-CF77-4E1E-8996-83D7F3771E37}"
EndProject
Global
	GlobalSection(SolutionConfigurationPlatforms) = preSolution
		Debug|Any CPU = Debug|Any CPU
		Release|Any CPU = Release|Any CPU
	EndGlobalSection
	GlobalSection(ProjectConfigurationPlatforms) = postSolution
		{B10F8933-2FDC-4CAE-9A14-E503DACBB029}.Debug|Any CPU.ActiveCfg = Debug|Any CPU
		{B10F8933-2FDC-4CAE-9A14-E503DACBB029}.Debug|Any CPU.Build.0 = Debug|Any CPU
		{B10F8933-2FDC-4CAE-9A14-E503DACBB029}.Release|Any CPU.ActiveCfg = Release|Any CPU
		{B10F8933-2FDC-4CAE-9A14-E503DACBB029}.Release|Any CPU.Build.0 = Release|Any CPU
		{737693C2-CF77-4E1E-8996-83D7F3771E37}.Debug|Any CPU.ActiveCfg = Debug|Any CPU
		{737693C2-CF77-4E1E-8996-83D7F3771E37}.Debug|Any CPU.Build.0 = Debug|Any CPU
		{737693C2-CF77-4E1E-8996-83D7F3771E37}.Release|Any CPU.ActiveCfg = Release|Any CPU
		{737693C2-CF77-4E1E-8996-83D7F3771E37}.Release|Any CPU.Build.0 = Release|Any CPU
	EndGlobalSection
	GlobalSection(SolutionProperties) = preSolution
		HideSolutionNode = FALSE
	EndGlobalSection
	GlobalSection(ExtensibilityGlobals) = postSolution
		SolutionGuid = {76C5EF2C-6AA1-4009-A2BF-16E19DA2E537}
	EndGlobalSection
EndGlobal
